
Microsoft Visual Studio Solution File, Format Version 11.00
# Visual C# Express 2010
Project("{FAE04EC0-301F-11D3-BF4B-00C04F79EFBC}") = "Xmega32A4U_Board", "Xmega32A4U_Board.csproj", "{3A5C4988-A76C-4145-9F13-CE8F783B8D65}"
EndProject
Global
	GlobalSection(SolutionConfigurationPlatforms) = preSolution
		Debug|x86 = Debug|x86
		Release|x86 = Release|x86
	EndGlobalSection
	GlobalSection(ProjectConfigurationPlatforms) = postSolution
		{3A5C4988-A76C-4145-9F13-CE8F783B8D65}.Debug|x86.ActiveCfg = Debug|x86
		{3A5C4988-A76C-4145-9F13-CE8F783B8D65}.Debug|x86.Build.0 = Debug|x86
		{3A5C4988-A76C-4145-9F13-CE8F783B8D65}.Release|x86.ActiveCfg = Release|x86
		{3A5C4988-A76C-4145-9F13-CE8F783B8D65}.Release|x86.Build.0 = Release|x86
	EndGlobalSection
	GlobalSection(SolutionProperties) = preSolution
		HideSolutionNode = FALSE
	EndGlobalSection
EndGlobal
